
Microsoft Visual Studio Solution File, Format Version 12.00
# Visual Studio 14
VisualStudioVersion = 14.0.23107.0
MinimumVisualStudioVersion = 10.0.40219.1
Project("{FAE04EC0-301F-11D3-BF4B-00C04F79EFBC}") = "Watermelon", "Watermelon\Watermelon.csproj", "{C79DD8D2-7D9D-48A6-80C8-BD80D4194572}"
EndProject
Project("{FAE04EC0-301F-11D3-BF4B-00C04F79EFBC}") = "FarmerLand", "FarmerLand\FarmerLand.csproj", "{4FD8EE40-4416-4C61-9CED-1E6AB17A9F48}"
EndProject
Global
	GlobalSection(SolutionConfigurationPlatforms) = preSolution
		Debug|Any CPU = Debug|Any CPU
		Release|Any CPU = Release|Any CPU
	EndGlobalSection
	GlobalSection(ProjectConfigurationPlatforms) = postSolution
		{C79DD8D2-7D9D-48A6-80C8-BD80D4194572}.Debug|Any CPU.ActiveCfg = Debug|Any CPU
		{C79DD8D2-7D9D-48A6-80C8-BD80D4194572}.Debug|Any CPU.Build.0 = Debug|Any CPU
		{C79DD8D2-7D9D-48A6-80C8-BD80D4194572}.Release|Any CPU.ActiveCfg = Release|Any CPU
		{C79DD8D2-7D9D-48A6-80C8-BD80D4194572}.Release|Any CPU.Build.0 = Release|Any CPU
		{4FD8EE40-4416-4C61-9CED-1E6AB17A9F48}.Debug|Any CPU.ActiveCfg = Debug|Any CPU
		{4FD8EE40-4416-4C61-9CED-1E6AB17A9F48}.Debug|Any CPU.Build.0 = Debug|Any CPU
		{4FD8EE40-4416-4C61-9CED-1E6AB17A9F48}.Release|Any CPU.ActiveCfg = Release|Any CPU
		{4FD8EE40-4416-4C61-9CED-1E6AB17A9F48}.Release|Any CPU.Build.0 = Release|Any CPU
	EndGlobalSection
	GlobalSection(SolutionProperties) = preSolution
		HideSolutionNode = FALSE
	EndGlobalSection
EndGlobal
